{
  "name": "gatsby-starter-lumen",
  "version": "3.0.0",
  "lockfileVersion": 1,
  "requires": true,
  "dependencies": {
    "hyvor-talk-react": {
      "version": "1.0.1",
      "resolved": "https://registry.npmjs.org/hyvor-talk-react/-/hyvor-talk-react-1.0.1.tgz",
      "integrity": "sha512-8m0iq5WMJQFfqSFa3NvXHamJyOrw5WcNfyhdbQmwG7Qy1gaGeAJj0Wd9zaqk8690amfbVMnv9QK44F4fvGQW1w=="
    }
  }
}
